{
  "name": "mc-versions",
  "version": "0.0.1",
  "lockfileVersion": 1,
  "requires": true,
  "dependencies": {
    "mbr-buffer": {
      "version": "1.3.0",
      "resolved": "https://registry.npmjs.org/mbr-buffer/-/mbr-buffer-1.3.0.tgz",
      "integrity": "sha512-4CFPovz0jVLf9MVgez9iMz6u8yG8PxJTncr7Y4rzDCeu8y9NQNad+mCrVjKpvYndkKF9pP2DiTnzBKzdqhMZ9g=="
    },
    "mbr-queue": {
      "version": "2.1.0",
      "resolved": "https://registry.npmjs.org/mbr-queue/-/mbr-queue-2.1.0.tgz",
      "integrity": "sha512-Esy4732pLSmCl8Bxia3k6EKVOmKUupjRtiZi6bbl4DUTcH0+83BH+EFmhRM07ckPPYi7rd5YfTz46zwgnS+7HQ=="
    },
    "mbr-zip": {
      "version": "0.1.0",
      "resolved": "https://registry.npmjs.org/mbr-zip/-/mbr-zip-0.1.0.tgz",
      "integrity": "sha512-ttq3rrXsy4eDAZ1JSIluxsmFAwnjwV4lkg8P9w2OzbkTzPIHLgDxf1Z/wGsRpzVbC1vIAztceDLFp3dwXQ3eFA==",
      "requires": {
        "mbr-buffer": "1.3.0"
      }
    }
  }
}
