{
  "name": "mc-versions",
  "version": "0.0.1",
  "lockfileVersion": 1,
  "requires": true,
  "dependencies": {
    "mbr-buffer": {
      "version": "1.3.0",
      "resolved": "https://registry.npmjs.org/mbr-buffer/-/mbr-buffer-1.3.0.tgz",
      "integrity": "sha512-4CFPovz0jVLf9MVgez9iMz6u8yG8PxJTncr7Y4rzDCeu8y9NQNad+mCrVjKpvYndkKF9pP2DiTnzBKzdqhMZ9g=="
    },
    "mbr-dom": {
      "version": "0.2.0",
      "resolved": "https://registry.npmjs.org/mbr-dom/-/mbr-dom-0.2.0.tgz",
      "integrity": "sha512-fxcTqC/X4MQDRpFnZ5XAUMhhQwDiHfsrIjc1dJ6CJUiTCTwOQYktDWd1Il/XW747xh5VyLs34D7FUW8Lruf7Sg=="
    },
    "mbr-queue": {
      "version": "2.1.0",
      "resolved": "https://registry.npmjs.org/mbr-queue/-/mbr-queue-2.1.0.tgz",
      "integrity": "sha512-Esy4732pLSmCl8Bxia3k6EKVOmKUupjRtiZi6bbl4DUTcH0+83BH+EFmhRM07ckPPYi7rd5YfTz46zwgnS+7HQ=="
    },
    "mbr-request": {
      "version": "1.0.1",
      "resolved": "https://registry.npmjs.org/mbr-request/-/mbr-request-1.0.1.tgz",
      "integrity": "sha512-NP8aks24qcLRHnxmXTjxTAxcL55K+pDSMwoi8o+WMkR2csC2wTFDNf8DGgoPlS5KOP5DY2aT0hy89sf7UiT5GQ=="
    },
    "mbr-serv": {
      "version": "0.1.0",
      "resolved": "https://registry.npmjs.org/mbr-serv/-/mbr-serv-0.1.0.tgz",
      "integrity": "sha512-Ib7jzLcNTJWKr16/K951uNcTqHcagTvyvMQQT18SOCk5tVcPvcjdnLgTa9EqYDr3t0fQ3KowvIKjn/YbfTVJ1A=="
    },
    "mbr-style": {
      "version": "0.2.0",
      "resolved": "https://registry.npmjs.org/mbr-style/-/mbr-style-0.2.0.tgz",
      "integrity": "sha512-Pf3ei9PR3CJZc7Oe5ACcz/nstgqo980LvlIGHeO0HOHGObzUly2qw0tAtX3XM1B/22eX60NyzfrNkyBLUcieFg=="
    },
    "mbr-zip": {
      "version": "0.1.0",
      "resolved": "https://registry.npmjs.org/mbr-zip/-/mbr-zip-0.1.0.tgz",
      "integrity": "sha512-ttq3rrXsy4eDAZ1JSIluxsmFAwnjwV4lkg8P9w2OzbkTzPIHLgDxf1Z/wGsRpzVbC1vIAztceDLFp3dwXQ3eFA==",
      "requires": {
        "mbr-buffer": "1.3.0"
      }
    },
    "mc-resource": {
      "version": "1.1.1",
      "resolved": "https://registry.npmjs.org/mc-resource/-/mc-resource-1.1.1.tgz",
      "integrity": "sha512-GC+semZ0Y//hKuyQgUGN9O8RbxQK2pRDJHvVaWc1xwYz8u/p169qNStWAx0xggu8GhdDWwbi7H5s50RXDpMPbg==",
      "requires": {
        "mbr-request": "^1.0.1"
      }
    }
  }
}
